
Microsoft Visual Studio Solution File, Format Version 12.00
# Visual Studio Version 17
VisualStudioVersion = 17.6.33829.357
MinimumVisualStudioVersion = 10.0.40219.1
Project("{9A19103F-16F7-4668-BE54-9A1E7A4F7556}") = "ProesBack", "ProesBack.csproj", "{9EF9F0C7-2947-40CF-8F6A-8F0FF13439D1}"
EndProject
Project("{54A90642-561A-4BB1-A94E-469ADEE60C69}") = "ProesFront", "..\ProesFront\ProesFront.esproj", "{E0FF8CC1-1BC8-4E69-B557-3596AA42A21A}"
EndProject
Project("{FAE04EC0-301F-11D3-BF4B-00C04F79EFBC}") = "ProesTests", "..\ProesTests\ProesTests.csproj", "{194BE823-532C-4E49-BB89-126B1D54F04F}"
EndProject
Global
	GlobalSection(SolutionConfigurationPlatforms) = preSolution
		Debug|Any CPU = Debug|Any CPU
		Release|Any CPU = Release|Any CPU
	EndGlobalSection
	GlobalSection(ProjectConfigurationPlatforms) = postSolution
		{9EF9F0C7-2947-40CF-8F6A-8F0FF13439D1}.Debug|Any CPU.ActiveCfg = Debug|Any CPU
		{9EF9F0C7-2947-40CF-8F6A-8F0FF13439D1}.Debug|Any CPU.Build.0 = Debug|Any CPU
		{9EF9F0C7-2947-40CF-8F6A-8F0FF13439D1}.Release|Any CPU.ActiveCfg = Release|Any CPU
		{9EF9F0C7-2947-40CF-8F6A-8F0FF13439D1}.Release|Any CPU.Build.0 = Release|Any CPU
		{E0FF8CC1-1BC8-4E69-B557-3596AA42A21A}.Debug|Any CPU.ActiveCfg = Debug|Any CPU
		{E0FF8CC1-1BC8-4E69-B557-3596AA42A21A}.Debug|Any CPU.Build.0 = Debug|Any CPU
		{E0FF8CC1-1BC8-4E69-B557-3596AA42A21A}.Debug|Any CPU.Deploy.0 = Debug|Any CPU
		{E0FF8CC1-1BC8-4E69-B557-3596AA42A21A}.Release|Any CPU.ActiveCfg = Release|Any CPU
		{E0FF8CC1-1BC8-4E69-B557-3596AA42A21A}.Release|Any CPU.Build.0 = Release|Any CPU
		{E0FF8CC1-1BC8-4E69-B557-3596AA42A21A}.Release|Any CPU.Deploy.0 = Release|Any CPU
		{194BE823-532C-4E49-BB89-126B1D54F04F}.Debug|Any CPU.ActiveCfg = Debug|Any CPU
		{194BE823-532C-4E49-BB89-126B1D54F04F}.Debug|Any CPU.Build.0 = Debug|Any CPU
		{194BE823-532C-4E49-BB89-126B1D54F04F}.Release|Any CPU.ActiveCfg = Release|Any CPU
		{194BE823-532C-4E49-BB89-126B1D54F04F}.Release|Any CPU.Build.0 = Release|Any CPU
	EndGlobalSection
	GlobalSection(SolutionProperties) = preSolution
		HideSolutionNode = FALSE
	EndGlobalSection
	GlobalSection(ExtensibilityGlobals) = postSolution
		SolutionGuid = {18C0201B-056F-489C-B97B-5FC22488FE22}
	EndGlobalSection
EndGlobal
